// !$*UTF8*$!
{
	archiveVersion = 1;
	classes = {
	};
	objectVersion = 46;
	objects = {

/* Begin PBXBuildFile section */
		D85C94971E32A567006128E7 /* SettingsViewController.swift in Sources */ = {isa = PBXBuildFile; fileRef = D85C94961E32A567006128E7 /* SettingsViewController.swift */; };
		D85C94991E32AACF006128E7 /* AddAccountViewController.swift in Sources */ = {isa = PBXBuildFile; fileRef = D85C94981E32AACF006128E7 /* AddAccountViewController.swift */; };
		D85C949B1E32B310006128E7 /* Default-568h@2x.png in Resources */ = {isa = PBXBuildFile; fileRef = D85C949A1E32B310006128E7 /* Default-568h@2x.png */; };
		D8A032FC1E252E1000AEE624 /* AppDelegate.swift in Sources */ = {isa = PBXBuildFile; fileRef = D8A032FB1E252E1000AEE624 /* AppDelegate.swift */; };
		D8A032FE1E252E1000AEE624 /* MasterViewController.swift in Sources */ = {isa = PBXBuildFile; fileRef = D8A032FD1E252E1000AEE624 /* MasterViewController.swift */; };
		D8A033001E252E1000AEE624 /* DetailViewController.swift in Sources */ = {isa = PBXBuildFile; fileRef = D8A032FF1E252E1000AEE624 /* DetailViewController.swift */; };
		D8A033031E252E1000AEE624 /* Main.storyboard in Resources */ = {isa = PBXBuildFile; fileRef = D8A033011E252E1000AEE624 /* Main.storyboard */; };
		D8A033051E252E1000AEE624 /* Assets.xcassets in Resources */ = {isa = PBXBuildFile; fileRef = D8A033041E252E1000AEE624 /* Assets.xcassets */; };
		D8A033081E252E1000AEE624 /* LaunchScreen.storyboard in Resources */ = {isa = PBXBuildFile; fileRef = D8A033061E252E1000AEE624 /* LaunchScreen.storyboard */; };
		F1D46439A1A4C5A59C80693A /* Pods_trustydrive_ios.framework in Frameworks */ = {isa = PBXBuildFile; fileRef = F5A1EEE1784EDFA09B45C7D4 /* Pods_trustydrive_ios.framework */; };
/* End PBXBuildFile section */

/* Begin PBXFileReference section */
		3CA4C85E71184166104E1E24 /* Pods-trustydrive-ios.debug.xcconfig */ = {isa = PBXFileReference; includeInIndex = 1; lastKnownFileType = text.xcconfig; name = "Pods-trustydrive-ios.debug.xcconfig"; path = "Pods/Target Support Files/Pods-trustydrive-ios/Pods-trustydrive-ios.debug.xcconfig"; sourceTree = "<group>"; };
		89DB42A98C27744124AC86BD /* Pods-trustydrive-ios.release.xcconfig */ = {isa = PBXFileReference; includeInIndex = 1; lastKnownFileType = text.xcconfig; name = "Pods-trustydrive-ios.release.xcconfig"; path = "Pods/Target Support Files/Pods-trustydrive-ios/Pods-trustydrive-ios.release.xcconfig"; sourceTree = "<group>"; };
		D85C94961E32A567006128E7 /* SettingsViewController.swift */ = {isa = PBXFileReference; fileEncoding = 4; lastKnownFileType = sourcecode.swift; path = SettingsViewController.swift; sourceTree = "<group>"; };
		D85C94981E32AACF006128E7 /* AddAccountViewController.swift */ = {isa = PBXFileReference; fileEncoding = 4; lastKnownFileType = sourcecode.swift; path = AddAccountViewController.swift; sourceTree = "<group>"; };
		D85C949A1E32B310006128E7 /* Default-568h@2x.png */ = {isa = PBXFileReference; lastKnownFileType = image.png; path = "Default-568h@2x.png"; sourceTree = "<group>"; };
		D8A032F81E252E1000AEE624 /* trustydrive-ios.app */ = {isa = PBXFileReference; explicitFileType = wrapper.application; includeInIndex = 0; path = "trustydrive-ios.app"; sourceTree = BUILT_PRODUCTS_DIR; };
		D8A032FB1E252E1000AEE624 /* AppDelegate.swift */ = {isa = PBXFileReference; lastKnownFileType = sourcecode.swift; path = AppDelegate.swift; sourceTree = "<group>"; };
		D8A032FD1E252E1000AEE624 /* MasterViewController.swift */ = {isa = PBXFileReference; lastKnownFileType = sourcecode.swift; path = MasterViewController.swift; sourceTree = "<group>"; };
		D8A032FF1E252E1000AEE624 /* DetailViewController.swift */ = {isa = PBXFileReference; lastKnownFileType = sourcecode.swift; path = DetailViewController.swift; sourceTree = "<group>"; };
		D8A033021E252E1000AEE624 /* Base */ = {isa = PBXFileReference; lastKnownFileType = file.storyboard; name = Base; path = Base.lproj/Main.storyboard; sourceTree = "<group>"; };
		D8A033041E252E1000AEE624 /* Assets.xcassets */ = {isa = PBXFileReference; lastKnownFileType = folder.assetcatalog; path = Assets.xcassets; sourceTree = "<group>"; };
		D8A033071E252E1000AEE624 /* Base */ = {isa = PBXFileReference; lastKnownFileType = file.storyboard; name = Base; path = Base.lproj/LaunchScreen.storyboard; sourceTree = "<group>"; };
		D8A033091E252E1000AEE624 /* Info.plist */ = {isa = PBXFileReference; lastKnownFileType = text.plist.xml; path = Info.plist; sourceTree = "<group>"; };
		F5A1EEE1784EDFA09B45C7D4 /* Pods_trustydrive_ios.framework */ = {isa = PBXFileReference; explicitFileType = wrapper.framework; includeInIndex = 0; path = Pods_trustydrive_ios.framework; sourceTree = BUILT_PRODUCTS_DIR; };
/* End PBXFileReference section */

/* Begin PBXFrameworksBuildPhase section */
		D8A032F51E252E1000AEE624 /* Frameworks */ = {
			isa = PBXFrameworksBuildPhase;
			buildActionMask = 2147483647;
			files = (
				F1D46439A1A4C5A59C80693A /* Pods_trustydrive_ios.framework in Frameworks */,
			);
			runOnlyForDeploymentPostprocessing = 0;
		};
/* End PBXFrameworksBuildPhase section */

/* Begin PBXGroup section */
		9FF686E46730833DA7C6DE3F /* Pods */ = {
			isa = PBXGroup;
			children = (
				3CA4C85E71184166104E1E24 /* Pods-trustydrive-ios.debug.xcconfig */,
				89DB42A98C27744124AC86BD /* Pods-trustydrive-ios.release.xcconfig */,
			);
			name = Pods;
			sourceTree = "<group>";
		};
		AA9009E760A67D3E63330AC8 /* Frameworks */ = {
			isa = PBXGroup;
			children = (
				F5A1EEE1784EDFA09B45C7D4 /* Pods_trustydrive_ios.framework */,
			);
			name = Frameworks;
			sourceTree = "<group>";
		};
		D8A032EF1E252E1000AEE624 = {
			isa = PBXGroup;
			children = (
				D85C949A1E32B310006128E7 /* Default-568h@2x.png */,
				D8A032FA1E252E1000AEE624 /* trustydrive-ios */,
				D8A032F91E252E1000AEE624 /* Products */,
				9FF686E46730833DA7C6DE3F /* Pods */,
				AA9009E760A67D3E63330AC8 /* Frameworks */,
			);
			sourceTree = "<group>";
		};
		D8A032F91E252E1000AEE624 /* Products */ = {
			isa = PBXGroup;
			children = (
				D8A032F81E252E1000AEE624 /* trustydrive-ios.app */,
			);
			name = Products;
			sourceTree = "<group>";
		};
		D8A032FA1E252E1000AEE624 /* trustydrive-ios */ = {
			isa = PBXGroup;
			children = (
				D8A032FB1E252E1000AEE624 /* AppDelegate.swift */,
				D8A032FD1E252E1000AEE624 /* MasterViewController.swift */,
				D8A032FF1E252E1000AEE624 /* DetailViewController.swift */,
				D85C94961E32A567006128E7 /* SettingsViewController.swift */,
				D85C94981E32AACF006128E7 /* AddAccountViewController.swift */,
				D8A033011E252E1000AEE624 /* Main.storyboard */,
				D8A033041E252E1000AEE624 /* Assets.xcassets */,
				D8A033061E252E1000AEE624 /* LaunchScreen.storyboard */,
				D8A033091E252E1000AEE624 /* Info.plist */,
			);
			path = "trustydrive-ios";
			sourceTree = "<group>";
		};
/* End PBXGroup section */

/* Begin PBXNativeTarget section */
		D8A032F71E252E1000AEE624 /* trustydrive-ios */ = {
			isa = PBXNativeTarget;
			buildConfigurationList = D8A0330C1E252E1000AEE624 /* Build configuration list for PBXNativeTarget "trustydrive-ios" */;
			buildPhases = (
				D555F03E3EBDE522D7DE0CA6 /* [CP] Check Pods Manifest.lock */,
				D8A032F41E252E1000AEE624 /* Sources */,
				D8A032F51E252E1000AEE624 /* Frameworks */,
				D8A032F61E252E1000AEE624 /* Resources */,
				06D93CA3EFFD63322C79F507 /* [CP] Embed Pods Frameworks */,
				36606CD46E4E32FE3CD86426 /* [CP] Copy Pods Resources */,
			);
			buildRules = (
			);
			dependencies = (
			);
			name = "trustydrive-ios";
			productName = "trustydrive-ios";
			productReference = D8A032F81E252E1000AEE624 /* trustydrive-ios.app */;
			productType = "com.apple.product-type.application";
		};
/* End PBXNativeTarget section */

/* Begin PBXProject section */
		D8A032F01E252E1000AEE624 /* Project object */ = {
			isa = PBXProject;
			attributes = {
				LastSwiftUpdateCheck = 0820;
				LastUpgradeCheck = 0820;
				ORGANIZATIONNAME = TrustyDrive;
				TargetAttributes = {
					D8A032F71E252E1000AEE624 = {
						CreatedOnToolsVersion = 8.2;
						ProvisioningStyle = Automatic;
					};
				};
			};
			buildConfigurationList = D8A032F31E252E1000AEE624 /* Build configuration list for PBXProject "trustydrive-ios" */;
			compatibilityVersion = "Xcode 3.2";
			developmentRegion = English;
			hasScannedForEncodings = 0;
			knownRegions = (
				en,
				Base,
			);
			mainGroup = D8A032EF1E252E1000AEE624;
			productRefGroup = D8A032F91E252E1000AEE624 /* Products */;
			projectDirPath = "";
			projectRoot = "";
			targets = (
				D8A032F71E252E1000AEE624 /* trustydrive-ios */,
			);
		};
/* End PBXProject section */

/* Begin PBXResourcesBuildPhase section */
		D8A032F61E252E1000AEE624 /* Resources */ = {
			isa = PBXResourcesBuildPhase;
			buildActionMask = 2147483647;
			files = (
				D8A033081E252E1000AEE624 /* LaunchScreen.storyboard in Resources */,
				D85C949B1E32B310006128E7 /* Default-568h@2x.png in Resources */,
				D8A033051E252E1000AEE624 /* Assets.xcassets in Resources */,
				D8A033031E252E1000AEE624 /* Main.storyboard in Resources */,
			);
			runOnlyForDeploymentPostprocessing = 0;
		};
/* End PBXResourcesBuildPhase section */

/* Begin PBXShellScriptBuildPhase section */
		06D93CA3EFFD63322C79F507 /* [CP] Embed Pods Frameworks */ = {
			isa = PBXShellScriptBuildPhase;
			buildActionMask = 2147483647;
			files = (
			);
			inputPaths = (
			);
			name = "[CP] Embed Pods Frameworks";
			outputPaths = (
			);
			runOnlyForDeploymentPostprocessing = 0;
			shellPath = /bin/sh;
			shellScript = "\"${SRCROOT}/Pods/Target Support Files/Pods-trustydrive-ios/Pods-trustydrive-ios-frameworks.sh\"\n";
			showEnvVarsInLog = 0;
		};
		36606CD46E4E32FE3CD86426 /* [CP] Copy Pods Resources */ = {
			isa = PBXShellScriptBuildPhase;
			buildActionMask = 2147483647;
			files = (
			);
			inputPaths = (
			);
			name = "[CP] Copy Pods Resources";
			outputPaths = (
			);
			runOnlyForDeploymentPostprocessing = 0;
			shellPath = /bin/sh;
			shellScript = "\"${SRCROOT}/Pods/Target Support Files/Pods-trustydrive-ios/Pods-trustydrive-ios-resources.sh\"\n";
			showEnvVarsInLog = 0;
		};
		D555F03E3EBDE522D7DE0CA6 /* [CP] Check Pods Manifest.lock */ = {
			isa = PBXShellScriptBuildPhase;
			buildActionMask = 2147483647;
			files = (
			);
			inputPaths = (
			);
			name = "[CP] Check Pods Manifest.lock";
			outputPaths = (
			);
			runOnlyForDeploymentPostprocessing = 0;
			shellPath = /bin/sh;
			shellScript = "diff \"${PODS_ROOT}/../Podfile.lock\" \"${PODS_ROOT}/Manifest.lock\" > /dev/null\nif [ $? != 0 ] ; then\n    # print error to STDERR\n    echo \"error: The sandbox is not in sync with the Podfile.lock. Run 'pod install' or update your CocoaPods installation.\" >&2\n    exit 1\nfi\n";
			showEnvVarsInLog = 0;
		};
/* End PBXShellScriptBuildPhase section */

/* Begin PBXSourcesBuildPhase section */
		D8A032F41E252E1000AEE624 /* Sources */ = {
			isa = PBXSourcesBuildPhase;
			buildActionMask = 2147483647;
			files = (
				D8A033001E252E1000AEE624 /* DetailViewController.swift in Sources */,
				D8A032FE1E252E1000AEE624 /* MasterViewController.swift in Sources */,
				D85C94991E32AACF006128E7 /* AddAccountViewController.swift in Sources */,
				D8A032FC1E252E1000AEE624 /* AppDelegate.swift in Sources */,
				D85C94971E32A567006128E7 /* SettingsViewController.swift in Sources */,
			);
			runOnlyForDeploymentPostprocessing = 0;
		};
/* End PBXSourcesBuildPhase section */

/* Begin PBXVariantGroup section */
		D8A033011E252E1000AEE624 /* Main.storyboard */ = {
			isa = PBXVariantGroup;
			children = (
				D8A033021E252E1000AEE624 /* Base */,
			);
			name = Main.storyboard;
			sourceTree = "<group>";
		};
		D8A033061E252E1000AEE624 /* LaunchScreen.storyboard */ = {
			isa = PBXVariantGroup;
			children = (
				D8A033071E252E1000AEE624 /* Base */,
			);
			name = LaunchScreen.storyboard;
			sourceTree = "<group>";
		};
/* End PBXVariantGroup section */

/* Begin XCBuildConfiguration section */
		D8A0330A1E252E1000AEE624 /* Debug */ = {
			isa = XCBuildConfiguration;
			buildSettings = {
				ALWAYS_SEARCH_USER_PATHS = NO;
				CLANG_ANALYZER_NONNULL = YES;
				CLANG_CXX_LANGUAGE_STANDARD = "gnu++0x";
				CLANG_CXX_LIBRARY = "libc++";
				CLANG_ENABLE_MODULES = YES;
				CLANG_ENABLE_OBJC_ARC = YES;
				CLANG_WARN_BOOL_CONVERSION = YES;
				CLANG_WARN_CONSTANT_CONVERSION = YES;
				CLANG_WARN_DIRECT_OBJC_ISA_USAGE = YES_ERROR;
				CLANG_WARN_DOCUMENTATION_COMMENTS = YES;
				CLANG_WARN_EMPTY_BODY = YES;
				CLANG_WARN_ENUM_CONVERSION = YES;
				CLANG_WARN_INFINITE_RECURSION = YES;
				CLANG_WARN_INT_CONVERSION = YES;
				CLANG_WARN_OBJC_ROOT_CLASS = YES_ERROR;
				CLANG_WARN_SUSPICIOUS_MOVE = YES;
				CLANG_WARN_UNREACHABLE_CODE = YES;
				CLANG_WARN__DUPLICATE_METHOD_MATCH = YES;
				"CODE_SIGN_IDENTITY[sdk=iphoneos*]" = "iPhone Developer";
				COPY_PHASE_STRIP = NO;
				DEBUG_INFORMATION_FORMAT = dwarf;
				ENABLE_STRICT_OBJC_MSGSEND = YES;
				ENABLE_TESTABILITY = YES;
				GCC_C_LANGUAGE_STANDARD = gnu99;
				GCC_DYNAMIC_NO_PIC = NO;
				GCC_NO_COMMON_BLOCKS = YES;
				GCC_OPTIMIZATION_LEVEL = 0;
				GCC_PREPROCESSOR_DEFINITIONS = (
					"DEBUG=1",
					"$(inherited)",
				);
				GCC_WARN_64_TO_32_BIT_CONVERSION = YES;
				GCC_WARN_ABOUT_RETURN_TYPE = YES_ERROR;
				GCC_WARN_UNDECLARED_SELECTOR = YES;
				GCC_WARN_UNINITIALIZED_AUTOS = YES_AGGRESSIVE;
				GCC_WARN_UNUSED_FUNCTION = YES;
				GCC_WARN_UNUSED_VARIABLE = YES;
				IPHONEOS_DEPLOYMENT_TARGET = 10.2;
				MTL_ENABLE_DEBUG_INFO = YES;
				ONLY_ACTIVE_ARCH = YES;
				SDKROOT = iphoneos;
				SWIFT_ACTIVE_COMPILATION_CONDITIONS = DEBUG;
				SWIFT_OPTIMIZATION_LEVEL = "-Onone";
				TARGETED_DEVICE_FAMILY = "1,2";
			};
			name = Debug;
		};
		D8A0330B1E252E1000AEE624 /* Release */ = {
			isa = XCBuildConfiguration;
			buildSettings = {
				ALWAYS_SEARCH_USER_PATHS = NO;
				CLANG_ANALYZER_NONNULL = YES;
				CLANG_CXX_LANGUAGE_STANDARD = "gnu++0x";
				CLANG_CXX_LIBRARY = "libc++";
				CLANG_ENABLE_MODULES = YES;
				CLANG_ENABLE_OBJC_ARC = YES;
				CLANG_WARN_BOOL_CONVERSION = YES;
				CLANG_WARN_CONSTANT_CONVERSION = YES;
				CLANG_WARN_DIRECT_OBJC_ISA_USAGE = YES_ERROR;
				CLANG_WARN_DOCUMENTATION_COMMENTS = YES;
				CLANG_WARN_EMPTY_BODY = YES;
				CLANG_WARN_ENUM_CONVERSION = YES;
				CLANG_WARN_INFINITE_RECURSION = YES;
				CLANG_WARN_INT_CONVERSION = YES;
				CLANG_WARN_OBJC_ROOT_CLASS = YES_ERROR;
				CLANG_WARN_SUSPICIOUS_MOVE = YES;
				CLANG_WARN_UNREACHABLE_CODE = YES;
				CLANG_WARN__DUPLICATE_METHOD_MATCH = YES;
				"CODE_SIGN_IDENTITY[sdk=iphoneos*]" = "iPhone Developer";
				COPY_PHASE_STRIP = NO;
				DEBUG_INFORMATION_FORMAT = "dwarf-with-dsym";
				ENABLE_NS_ASSERTIONS = NO;
				ENABLE_STRICT_OBJC_MSGSEND = YES;
				GCC_C_LANGUAGE_STANDARD = gnu99;
				GCC_NO_COMMON_BLOCKS = YES;
				GCC_WARN_64_TO_32_BIT_CONVERSION = YES;
				GCC_WARN_ABOUT_RETURN_TYPE = YES_ERROR;
				GCC_WARN_UNDECLARED_SELECTOR = YES;
				GCC_WARN_UNINITIALIZED_AUTOS = YES_AGGRESSIVE;
				GCC_WARN_UNUSED_FUNCTION = YES;
				GCC_WARN_UNUSED_VARIABLE = YES;
				IPHONEOS_DEPLOYMENT_TARGET = 10.2;
				MTL_ENABLE_DEBUG_INFO = NO;
				SDKROOT = iphoneos;
				SWIFT_OPTIMIZATION_LEVEL = "-Owholemodule";
				TARGETED_DEVICE_FAMILY = "1,2";
				VALIDATE_PRODUCT = YES;
			};
			name = Release;
		};
		D8A0330D1E252E1000AEE624 /* Debug */ = {
			isa = XCBuildConfiguration;
			baseConfigurationReference = 3CA4C85E71184166104E1E24 /* Pods-trustydrive-ios.debug.xcconfig */;
			buildSettings = {
				ALWAYS_EMBED_SWIFT_STANDARD_LIBRARIES = YES;
				ASSETCATALOG_COMPILER_APPICON_NAME = AppIcon;
				INFOPLIST_FILE = "trustydrive-ios/Info.plist";
				LD_RUNPATH_SEARCH_PATHS = "$(inherited) @executable_path/Frameworks";
				PRODUCT_BUNDLE_IDENTIFIER = "com.trustydrive.trustydrive-ios.trustydrive-ios";
				PRODUCT_NAME = "$(TARGET_NAME)";
				SWIFT_VERSION = 3.0;
			};
			name = Debug;
		};
		D8A0330E1E252E1000AEE624 /* Release */ = {
			isa = XCBuildConfiguration;
			baseConfigurationReference = 89DB42A98C27744124AC86BD /* Pods-trustydrive-ios.release.xcconfig */;
			buildSettings = {
				ALWAYS_EMBED_SWIFT_STANDARD_LIBRARIES = YES;
				ASSETCATALOG_COMPILER_APPICON_NAME = AppIcon;
				INFOPLIST_FILE = "trustydrive-ios/Info.plist";
				LD_RUNPATH_SEARCH_PATHS = "$(inherited) @executable_path/Frameworks";
				PRODUCT_BUNDLE_IDENTIFIER = "com.trustydrive.trustydrive-ios.trustydrive-ios";
				PRODUCT_NAME = "$(TARGET_NAME)";
				SWIFT_VERSION = 3.0;
			};
			name = Release;
		};
/* End XCBuildConfiguration section */

/* Begin XCConfigurationList section */
		D8A032F31E252E1000AEE624 /* Build configuration list for PBXProject "trustydrive-ios" */ = {
			isa = XCConfigurationList;
			buildConfigurations = (
				D8A0330A1E252E1000AEE624 /* Debug */,
				D8A0330B1E252E1000AEE624 /* Release */,
			);
			defaultConfigurationIsVisible = 0;
			defaultConfigurationName = Release;
		};
		D8A0330C1E252E1000AEE624 /* Build configuration list for PBXNativeTarget "trustydrive-ios" */ = {
			isa = XCConfigurationList;
			buildConfigurations = (
				D8A0330D1E252E1000AEE624 /* Debug */,
				D8A0330E1E252E1000AEE624 /* Release */,
			);
			defaultConfigurationIsVisible = 0;
			defaultConfigurationName = Release;
		};
/* End XCConfigurationList section */
	};
	rootObject = D8A032F01E252E1000AEE624 /* Project object */;
}
