PODS:
  - Alamofire (4.0.1)
  - Gloss (1.2.1)
  - IQKeyboardManagerSwift (4.0.8)
  - SwiftyDropbox (4.1.1):
    - Alamofire (~> 4.0.1)

DEPENDENCIES:
  - CryptoSwift
  - Gloss
  - IQKeyboardManagerSwift
  - SwiftyDropbox

SPEC CHECKSUMS:
  Alamofire: 7682d43245de14874acd142ec137b144aa1dd335
  Gloss: 9ab33b8ede01e4232571d43a6bf9259b85d1de69
  IQKeyboardManagerSwift: c04bc9f68473823f825eb44d958fce98d921bead
  SwiftyDropbox: dfcd4d308d32d74729255b48833db61acdfb9c23

PODFILE CHECKSUM: 989e4dd1488bb984b671adf40cd745b4bfeac47b

COCOAPODS: 1.1.1
